{
  "name": "@ylz-material/table",
  "version": "1.1.31",
  "lockfileVersion": 1,
  "requires": true,
  "dependencies": {
    "lodash": {
      "version": "4.17.21",
      "resolved": "https://npm.ops.yunlizhi.cn/lodash/-/lodash-4.17.21.tgz",
      "integrity": "sha1-Z5WRxWTDv/quhFTPCz3zcMPWkRw="
    },
    "sortablejs": {
      "version": "1.14.0",
      "resolved": "https://npm.ops.yunlizhi.cn/sortablejs/-/sortablejs-1.14.0.tgz",
      "integrity": "sha1-bS4XzL2yX0ZHNN9iHU811Ks1s9g="
    },
    "vuedraggable": {
      "version": "4.1.0",
      "resolved": "https://npm.ops.yunlizhi.cn/vuedraggable/-/vuedraggable-4.1.0.tgz",
      "integrity": "sha1-7ezmituKTZ4GrM/538kEDmaFInA=",
      "requires": {
        "sortablejs": "1.14.0"
      }
    }
  }
}
